// !$*UTF8*$!
{
	archiveVersion = 1;
	classes = {
	};
	objectVersion = 56;
	objects = {

/* Begin PBXBuildFile section */
		181A252E2C07868E006FF463 /* AppDelegate.swift in Sources */ = {isa = PBXBuildFile; fileRef = 181A252D2C07868E006FF463 /* AppDelegate.swift */; };
		181A25302C07868E006FF463 /* SceneDelegate.swift in Sources */ = {isa = PBXBuildFile; fileRef = 181A252F2C07868E006FF463 /* SceneDelegate.swift */; };
		181A25322C07868E006FF463 /* ViewController.swift in Sources */ = {isa = PBXBuildFile; fileRef = 181A25312C07868E006FF463 /* ViewController.swift */; };
		181A25352C07868E006FF463 /* Main.storyboard in Resources */ = {isa = PBXBuildFile; fileRef = 181A25332C07868E006FF463 /* Main.storyboard */; };
		181A25372C078693006FF463 /* Assets.xcassets in Resources */ = {isa = PBXBuildFile; fileRef = 181A25362C078693006FF463 /* Assets.xcassets */; };
		181A253A2C078693006FF463 /* LaunchScreen.storyboard in Resources */ = {isa = PBXBuildFile; fileRef = 181A25382C078693006FF463 /* LaunchScreen.storyboard */; };
		181A25452C078693006FF463 /* cameraGallaryTests.swift in Sources */ = {isa = PBXBuildFile; fileRef = 181A25442C078693006FF463 /* cameraGallaryTests.swift */; };
		181A254F2C078693006FF463 /* cameraGallaryUITests.swift in Sources */ = {isa = PBXBuildFile; fileRef = 181A254E2C078693006FF463 /* cameraGallaryUITests.swift */; };
		181A25512C078693006FF463 /* cameraGallaryUITestsLaunchTests.swift in Sources */ = {isa = PBXBuildFile; fileRef = 181A25502C078693006FF463 /* cameraGallaryUITestsLaunchTests.swift */; };
/* End PBXBuildFile section */

/* Begin PBXContainerItemProxy section */
		181A25412C078693006FF463 /* PBXContainerItemProxy */ = {
			isa = PBXContainerItemProxy;
			containerPortal = 181A25222C07868E006FF463 /* Project object */;
			proxyType = 1;
			remoteGlobalIDString = 181A25292C07868E006FF463;
			remoteInfo = cameraGallary;
		};
		181A254B2C078693006FF463 /* PBXContainerItemProxy */ = {
			isa = PBXContainerItemProxy;
			containerPortal = 181A25222C07868E006FF463 /* Project object */;
			proxyType = 1;
			remoteGlobalIDString = 181A25292C07868E006FF463;
			remoteInfo = cameraGallary;
		};
/* End PBXContainerItemProxy section */

/* Begin PBXFileReference section */
		181A252A2C07868E006FF463 /* cameraGallary.app */ = {isa = PBXFileReference; explicitFileType = wrapper.application; includeInIndex = 0; path = cameraGallary.app; sourceTree = BUILT_PRODUCTS_DIR; };
		181A252D2C07868E006FF463 /* AppDelegate.swift */ = {isa = PBXFileReference; lastKnownFileType = sourcecode.swift; path = AppDelegate.swift; sourceTree = "<group>"; };
		181A252F2C07868E006FF463 /* SceneDelegate.swift */ = {isa = PBXFileReference; lastKnownFileType = sourcecode.swift; path = SceneDelegate.swift; sourceTree = "<group>"; };
		181A25312C07868E006FF463 /* ViewController.swift */ = {isa = PBXFileReference; lastKnownFileType = sourcecode.swift; path = ViewController.swift; sourceTree = "<group>"; };
		181A25342C07868E006FF463 /* Base */ = {isa = PBXFileReference; lastKnownFileType = file.storyboard; name = Base; path = Base.lproj/Main.storyboard; sourceTree = "<group>"; };
		181A25362C078693006FF463 /* Assets.xcassets */ = {isa = PBXFileReference; lastKnownFileType = folder.assetcatalog; path = Assets.xcassets; sourceTree = "<group>"; };
		181A25392C078693006FF463 /* Base */ = {isa = PBXFileReference; lastKnownFileType = file.storyboard; name = Base; path = Base.lproj/LaunchScreen.storyboard; sourceTree = "<group>"; };
		181A253B2C078693006FF463 /* Info.plist */ = {isa = PBXFileReference; lastKnownFileType = text.plist.xml; path = Info.plist; sourceTree = "<group>"; };
		181A25402C078693006FF463 /* cameraGallaryTests.xctest */ = {isa = PBXFileReference; explicitFileType = wrapper.cfbundle; includeInIndex = 0; path = cameraGallaryTests.xctest; sourceTree = BUILT_PRODUCTS_DIR; };
		181A25442C078693006FF463 /* cameraGallaryTests.swift */ = {isa = PBXFileReference; lastKnownFileType = sourcecode.swift; path = cameraGallaryTests.swift; sourceTree = "<group>"; };
		181A254A2C078693006FF463 /* cameraGallaryUITests.xctest */ = {isa = PBXFileReference; explicitFileType = wrapper.cfbundle; includeInIndex = 0; path = cameraGallaryUITests.xctest; sourceTree = BUILT_PRODUCTS_DIR; };
		181A254E2C078693006FF463 /* cameraGallaryUITests.swift */ = {isa = PBXFileReference; lastKnownFileType = sourcecode.swift; path = cameraGallaryUITests.swift; sourceTree = "<group>"; };
		181A25502C078693006FF463 /* cameraGallaryUITestsLaunchTests.swift */ = {isa = PBXFileReference; lastKnownFileType = sourcecode.swift; path = cameraGallaryUITestsLaunchTests.swift; sourceTree = "<group>"; };
/* End PBXFileReference section */

/* Begin PBXFrameworksBuildPhase section */
		181A25272C07868E006FF463 /* Frameworks */ = {
			isa = PBXFrameworksBuildPhase;
			buildActionMask = 2147483647;
			files = (
			);
			runOnlyForDeploymentPostprocessing = 0;
		};
		181A253D2C078693006FF463 /* Frameworks */ = {
			isa = PBXFrameworksBuildPhase;
			buildActionMask = 2147483647;
			files = (
			);
			runOnlyForDeploymentPostprocessing = 0;
		};
		181A25472C078693006FF463 /* Frameworks */ = {
			isa = PBXFrameworksBuildPhase;
			buildActionMask = 2147483647;
			files = (
			);
			runOnlyForDeploymentPostprocessing = 0;
		};
/* End PBXFrameworksBuildPhase section */

/* Begin PBXGroup section */
		181A25212C07868E006FF463 = {
			isa = PBXGroup;
			children = (
				181A252C2C07868E006FF463 /* cameraGallary */,
				181A25432C078693006FF463 /* cameraGallaryTests */,
				181A254D2C078693006FF463 /* cameraGallaryUITests */,
				181A252B2C07868E006FF463 /* Products */,
			);
			sourceTree = "<group>";
		};
		181A252B2C07868E006FF463 /* Products */ = {
			isa = PBXGroup;
			children = (
				181A252A2C07868E006FF463 /* cameraGallary.app */,
				181A25402C078693006FF463 /* cameraGallaryTests.xctest */,
				181A254A2C078693006FF463 /* cameraGallaryUITests.xctest */,
			);
			name = Products;
			sourceTree = "<group>";
		};
		181A252C2C07868E006FF463 /* cameraGallary */ = {
			isa = PBXGroup;
			children = (
				181A252D2C07868E006FF463 /* AppDelegate.swift */,
				181A252F2C07868E006FF463 /* SceneDelegate.swift */,
				181A25312C07868E006FF463 /* ViewController.swift */,
				181A25332C07868E006FF463 /* Main.storyboard */,
				181A25362C078693006FF463 /* Assets.xcassets */,
				181A25382C078693006FF463 /* LaunchScreen.storyboard */,
				181A253B2C078693006FF463 /* Info.plist */,
			);
			path = cameraGallary;
			sourceTree = "<group>";
		};
		181A25432C078693006FF463 /* cameraGallaryTests */ = {
			isa = PBXGroup;
			children = (
				181A25442C078693006FF463 /* cameraGallaryTests.swift */,
			);
			path = cameraGallaryTests;
			sourceTree = "<group>";
		};
		181A254D2C078693006FF463 /* cameraGallaryUITests */ = {
			isa = PBXGroup;
			children = (
				181A254E2C078693006FF463 /* cameraGallaryUITests.swift */,
				181A25502C078693006FF463 /* cameraGallaryUITestsLaunchTests.swift */,
			);
			path = cameraGallaryUITests;
			sourceTree = "<group>";
		};
/* End PBXGroup section */

/* Begin PBXNativeTarget section */
		181A25292C07868E006FF463 /* cameraGallary */ = {
			isa = PBXNativeTarget;
			buildConfigurationList = 181A25542C078693006FF463 /* Build configuration list for PBXNativeTarget "cameraGallary" */;
			buildPhases = (
				181A25262C07868E006FF463 /* Sources */,
				181A25272C07868E006FF463 /* Frameworks */,
				181A25282C07868E006FF463 /* Resources */,
			);
			buildRules = (
			);
			dependencies = (
			);
			name = cameraGallary;
			productName = cameraGallary;
			productReference = 181A252A2C07868E006FF463 /* cameraGallary.app */;
			productType = "com.apple.product-type.application";
		};
		181A253F2C078693006FF463 /* cameraGallaryTests */ = {
			isa = PBXNativeTarget;
			buildConfigurationList = 181A25572C078693006FF463 /* Build configuration list for PBXNativeTarget "cameraGallaryTests" */;
			buildPhases = (
				181A253C2C078693006FF463 /* Sources */,
				181A253D2C078693006FF463 /* Frameworks */,
				181A253E2C078693006FF463 /* Resources */,
			);
			buildRules = (
			);
			dependencies = (
				181A25422C078693006FF463 /* PBXTargetDependency */,
			);
			name = cameraGallaryTests;
			productName = cameraGallaryTests;
			productReference = 181A25402C078693006FF463 /* cameraGallaryTests.xctest */;
			productType = "com.apple.product-type.bundle.unit-test";
		};
		181A25492C078693006FF463 /* cameraGallaryUITests */ = {
			isa = PBXNativeTarget;
			buildConfigurationList = 181A255A2C078693006FF463 /* Build configuration list for PBXNativeTarget "cameraGallaryUITests" */;
			buildPhases = (
				181A25462C078693006FF463 /* Sources */,
				181A25472C078693006FF463 /* Frameworks */,
				181A25482C078693006FF463 /* Resources */,
			);
			buildRules = (
			);
			dependencies = (
				181A254C2C078693006FF463 /* PBXTargetDependency */,
			);
			name = cameraGallaryUITests;
			productName = cameraGallaryUITests;
			productReference = 181A254A2C078693006FF463 /* cameraGallaryUITests.xctest */;
			productType = "com.apple.product-type.bundle.ui-testing";
		};
/* End PBXNativeTarget section */

/* Begin PBXProject section */
		181A25222C07868E006FF463 /* Project object */ = {
			isa = PBXProject;
			attributes = {
				BuildIndependentTargetsInParallel = 1;
				LastSwiftUpdateCheck = 1430;
				LastUpgradeCheck = 1430;
				TargetAttributes = {
					181A25292C07868E006FF463 = {
						CreatedOnToolsVersion = 14.3.1;
					};
					181A253F2C078693006FF463 = {
						CreatedOnToolsVersion = 14.3.1;
						TestTargetID = 181A25292C07868E006FF463;
					};
					181A25492C078693006FF463 = {
						CreatedOnToolsVersion = 14.3.1;
						TestTargetID = 181A25292C07868E006FF463;
					};
				};
			};
			buildConfigurationList = 181A25252C07868E006FF463 /* Build configuration list for PBXProject "cameraGallary" */;
			compatibilityVersion = "Xcode 14.0";
			developmentRegion = en;
			hasScannedForEncodings = 0;
			knownRegions = (
				en,
				Base,
			);
			mainGroup = 181A25212C07868E006FF463;
			productRefGroup = 181A252B2C07868E006FF463 /* Products */;
			projectDirPath = "";
			projectRoot = "";
			targets = (
				181A25292C07868E006FF463 /* cameraGallary */,
				181A253F2C078693006FF463 /* cameraGallaryTests */,
				181A25492C078693006FF463 /* cameraGallaryUITests */,
			);
		};
/* End PBXProject section */

/* Begin PBXResourcesBuildPhase section */
		181A25282C07868E006FF463 /* Resources */ = {
			isa = PBXResourcesBuildPhase;
			buildActionMask = 2147483647;
			files = (
				181A253A2C078693006FF463 /* LaunchScreen.storyboard in Resources */,
				181A25372C078693006FF463 /* Assets.xcassets in Resources */,
				181A25352C07868E006FF463 /* Main.storyboard in Resources */,
			);
			runOnlyForDeploymentPostprocessing = 0;
		};
		181A253E2C078693006FF463 /* Resources */ = {
			isa = PBXResourcesBuildPhase;
			buildActionMask = 2147483647;
			files = (
			);
			runOnlyForDeploymentPostprocessing = 0;
		};
		181A25482C078693006FF463 /* Resources */ = {
			isa = PBXResourcesBuildPhase;
			buildActionMask = 2147483647;
			files = (
			);
			runOnlyForDeploymentPostprocessing = 0;
		};
/* End PBXResourcesBuildPhase section */

/* Begin PBXSourcesBuildPhase section */
		181A25262C07868E006FF463 /* Sources */ = {
			isa = PBXSourcesBuildPhase;
			buildActionMask = 2147483647;
			files = (
				181A25322C07868E006FF463 /* ViewController.swift in Sources */,
				181A252E2C07868E006FF463 /* AppDelegate.swift in Sources */,
				181A25302C07868E006FF463 /* SceneDelegate.swift in Sources */,
			);
			runOnlyForDeploymentPostprocessing = 0;
		};
		181A253C2C078693006FF463 /* Sources */ = {
			isa = PBXSourcesBuildPhase;
			buildActionMask = 2147483647;
			files = (
				181A25452C078693006FF463 /* cameraGallaryTests.swift in Sources */,
			);
			runOnlyForDeploymentPostprocessing = 0;
		};
		181A25462C078693006FF463 /* Sources */ = {
			isa = PBXSourcesBuildPhase;
			buildActionMask = 2147483647;
			files = (
				181A25512C078693006FF463 /* cameraGallaryUITestsLaunchTests.swift in Sources */,
				181A254F2C078693006FF463 /* cameraGallaryUITests.swift in Sources */,
			);
			runOnlyForDeploymentPostprocessing = 0;
		};
/* End PBXSourcesBuildPhase section */

/* Begin PBXTargetDependency section */
		181A25422C078693006FF463 /* PBXTargetDependency */ = {
			isa = PBXTargetDependency;
			target = 181A25292C07868E006FF463 /* cameraGallary */;
			targetProxy = 181A25412C078693006FF463 /* PBXContainerItemProxy */;
		};
		181A254C2C078693006FF463 /* PBXTargetDependency */ = {
			isa = PBXTargetDependency;
			target = 181A25292C07868E006FF463 /* cameraGallary */;
			targetProxy = 181A254B2C078693006FF463 /* PBXContainerItemProxy */;
		};
/* End PBXTargetDependency section */

/* Begin PBXVariantGroup section */
		181A25332C07868E006FF463 /* Main.storyboard */ = {
			isa = PBXVariantGroup;
			children = (
				181A25342C07868E006FF463 /* Base */,
			);
			name = Main.storyboard;
			sourceTree = "<group>";
		};
		181A25382C078693006FF463 /* LaunchScreen.storyboard */ = {
			isa = PBXVariantGroup;
			children = (
				181A25392C078693006FF463 /* Base */,
			);
			name = LaunchScreen.storyboard;
			sourceTree = "<group>";
		};
/* End PBXVariantGroup section */

/* Begin XCBuildConfiguration section */
		181A25522C078693006FF463 /* Debug */ = {
			isa = XCBuildConfiguration;
			buildSettings = {
				ALWAYS_SEARCH_USER_PATHS = NO;
				CLANG_ANALYZER_NONNULL = YES;
				CLANG_ANALYZER_NUMBER_OBJECT_CONVERSION = YES_AGGRESSIVE;
				CLANG_CXX_LANGUAGE_STANDARD = "gnu++20";
				CLANG_ENABLE_MODULES = YES;
				CLANG_ENABLE_OBJC_ARC = YES;
				CLANG_ENABLE_OBJC_WEAK = YES;
				CLANG_WARN_BLOCK_CAPTURE_AUTORELEASING = YES;
				CLANG_WARN_BOOL_CONVERSION = YES;
				CLANG_WARN_COMMA = YES;
				CLANG_WARN_CONSTANT_CONVERSION = YES;
				CLANG_WARN_DEPRECATED_OBJC_IMPLEMENTATIONS = YES;
				CLANG_WARN_DIRECT_OBJC_ISA_USAGE = YES_ERROR;
				CLANG_WARN_DOCUMENTATION_COMMENTS = YES;
				CLANG_WARN_EMPTY_BODY = YES;
				CLANG_WARN_ENUM_CONVERSION = YES;
				CLANG_WARN_INFINITE_RECURSION = YES;
				CLANG_WARN_INT_CONVERSION = YES;
				CLANG_WARN_NON_LITERAL_NULL_CONVERSION = YES;
				CLANG_WARN_OBJC_IMPLICIT_RETAIN_SELF = YES;
				CLANG_WARN_OBJC_LITERAL_CONVERSION = YES;
				CLANG_WARN_OBJC_ROOT_CLASS = YES_ERROR;
				CLANG_WARN_QUOTED_INCLUDE_IN_FRAMEWORK_HEADER = YES;
				CLANG_WARN_RANGE_LOOP_ANALYSIS = YES;
				CLANG_WARN_STRICT_PROTOTYPES = YES;
				CLANG_WARN_SUSPICIOUS_MOVE = YES;
				CLANG_WARN_UNGUARDED_AVAILABILITY = YES_AGGRESSIVE;
				CLANG_WARN_UNREACHABLE_CODE = YES;
				CLANG_WARN__DUPLICATE_METHOD_MATCH = YES;
				COPY_PHASE_STRIP = NO;
				DEBUG_INFORMATION_FORMAT = dwarf;
				ENABLE_STRICT_OBJC_MSGSEND = YES;
				ENABLE_TESTABILITY = YES;
				GCC_C_LANGUAGE_STANDARD = gnu11;
				GCC_DYNAMIC_NO_PIC = NO;
				GCC_NO_COMMON_BLOCKS = YES;
				GCC_OPTIMIZATION_LEVEL = 0;
				GCC_PREPROCESSOR_DEFINITIONS = (
					"DEBUG=1",
					"$(inherited)",
				);
				GCC_WARN_64_TO_32_BIT_CONVERSION = YES;
				GCC_WARN_ABOUT_RETURN_TYPE = YES_ERROR;
				GCC_WARN_UNDECLARED_SELECTOR = YES;
				GCC_WARN_UNINITIALIZED_AUTOS = YES_AGGRESSIVE;
				GCC_WARN_UNUSED_FUNCTION = YES;
				GCC_WARN_UNUSED_VARIABLE = YES;
				IPHONEOS_DEPLOYMENT_TARGET = 16.4;
				MTL_ENABLE_DEBUG_INFO = INCLUDE_SOURCE;
				MTL_FAST_MATH = YES;
				ONLY_ACTIVE_ARCH = YES;
				SDKROOT = iphoneos;
				SWIFT_ACTIVE_COMPILATION_CONDITIONS = DEBUG;
				SWIFT_OPTIMIZATION_LEVEL = "-Onone";
			};
			name = Debug;
		};
		181A25532C078693006FF463 /* Release */ = {
			isa = XCBuildConfiguration;
			buildSettings = {
				ALWAYS_SEARCH_USER_PATHS = NO;
				CLANG_ANALYZER_NONNULL = YES;
				CLANG_ANALYZER_NUMBER_OBJECT_CONVERSION = YES_AGGRESSIVE;
				CLANG_CXX_LANGUAGE_STANDARD = "gnu++20";
				CLANG_ENABLE_MODULES = YES;
				CLANG_ENABLE_OBJC_ARC = YES;
				CLANG_ENABLE_OBJC_WEAK = YES;
				CLANG_WARN_BLOCK_CAPTURE_AUTORELEASING = YES;
				CLANG_WARN_BOOL_CONVERSION = YES;
				CLANG_WARN_COMMA = YES;
				CLANG_WARN_CONSTANT_CONVERSION = YES;
				CLANG_WARN_DEPRECATED_OBJC_IMPLEMENTATIONS = YES;
				CLANG_WARN_DIRECT_OBJC_ISA_USAGE = YES_ERROR;
				CLANG_WARN_DOCUMENTATION_COMMENTS = YES;
				CLANG_WARN_EMPTY_BODY = YES;
				CLANG_WARN_ENUM_CONVERSION = YES;
				CLANG_WARN_INFINITE_RECURSION = YES;
				CLANG_WARN_INT_CONVERSION = YES;
				CLANG_WARN_NON_LITERAL_NULL_CONVERSION = YES;
				CLANG_WARN_OBJC_IMPLICIT_RETAIN_SELF = YES;
				CLANG_WARN_OBJC_LITERAL_CONVERSION = YES;
				CLANG_WARN_OBJC_ROOT_CLASS = YES_ERROR;
				CLANG_WARN_QUOTED_INCLUDE_IN_FRAMEWORK_HEADER = YES;
				CLANG_WARN_RANGE_LOOP_ANALYSIS = YES;
				CLANG_WARN_STRICT_PROTOTYPES = YES;
				CLANG_WARN_SUSPICIOUS_MOVE = YES;
				CLANG_WARN_UNGUARDED_AVAILABILITY = YES_AGGRESSIVE;
				CLANG_WARN_UNREACHABLE_CODE = YES;
				CLANG_WARN__DUPLICATE_METHOD_MATCH = YES;
				COPY_PHASE_STRIP = NO;
				DEBUG_INFORMATION_FORMAT = "dwarf-with-dsym";
				ENABLE_NS_ASSERTIONS = NO;
				ENABLE_STRICT_OBJC_MSGSEND = YES;
				GCC_C_LANGUAGE_STANDARD = gnu11;
				GCC_NO_COMMON_BLOCKS = YES;
				GCC_WARN_64_TO_32_BIT_CONVERSION = YES;
				GCC_WARN_ABOUT_RETURN_TYPE = YES_ERROR;
				GCC_WARN_UNDECLARED_SELECTOR = YES;
				GCC_WARN_UNINITIALIZED_AUTOS = YES_AGGRESSIVE;
				GCC_WARN_UNUSED_FUNCTION = YES;
				GCC_WARN_UNUSED_VARIABLE = YES;
				IPHONEOS_DEPLOYMENT_TARGET = 16.4;
				MTL_ENABLE_DEBUG_INFO = NO;
				MTL_FAST_MATH = YES;
				SDKROOT = iphoneos;
				SWIFT_COMPILATION_MODE = wholemodule;
				SWIFT_OPTIMIZATION_LEVEL = "-O";
				VALIDATE_PRODUCT = YES;
			};
			name = Release;
		};
		181A25552C078693006FF463 /* Debug */ = {
			isa = XCBuildConfiguration;
			buildSettings = {
				ASSETCATALOG_COMPILER_APPICON_NAME = AppIcon;
				ASSETCATALOG_COMPILER_GLOBAL_ACCENT_COLOR_NAME = AccentColor;
				CODE_SIGN_STYLE = Automatic;
				CURRENT_PROJECT_VERSION = 1;
				DEVELOPMENT_TEAM = 5Y98J6H787;
				GENERATE_INFOPLIST_FILE = YES;
				INFOPLIST_FILE = cameraGallary/Info.plist;
				INFOPLIST_KEY_UIApplicationSupportsIndirectInputEvents = YES;
				INFOPLIST_KEY_UILaunchStoryboardName = LaunchScreen;
				INFOPLIST_KEY_UIMainStoryboardFile = Main;
				INFOPLIST_KEY_UISupportedInterfaceOrientations_iPad = "UIInterfaceOrientationPortrait UIInterfaceOrientationPortraitUpsideDown UIInterfaceOrientationLandscapeLeft UIInterfaceOrientationLandscapeRight";
				INFOPLIST_KEY_UISupportedInterfaceOrientations_iPhone = "UIInterfaceOrientationPortrait UIInterfaceOrientationLandscapeLeft UIInterfaceOrientationLandscapeRight";
				LD_RUNPATH_SEARCH_PATHS = (
					"$(inherited)",
					"@executable_path/Frameworks",
				);
				MARKETING_VERSION = 1.0;
				PRODUCT_BUNDLE_IDENTIFIER = apolis.cameraGallary;
				PRODUCT_NAME = "$(TARGET_NAME)";
				SWIFT_EMIT_LOC_STRINGS = YES;
				SWIFT_VERSION = 5.0;
				TARGETED_DEVICE_FAMILY = "1,2";
			};
			name = Debug;
		};
		181A25562C078693006FF463 /* Release */ = {
			isa = XCBuildConfiguration;
			buildSettings = {
				ASSETCATALOG_COMPILER_APPICON_NAME = AppIcon;
				ASSETCATALOG_COMPILER_GLOBAL_ACCENT_COLOR_NAME = AccentColor;
				CODE_SIGN_STYLE = Automatic;
				CURRENT_PROJECT_VERSION = 1;
				DEVELOPMENT_TEAM = 5Y98J6H787;
				GENERATE_INFOPLIST_FILE = YES;
				INFOPLIST_FILE = cameraGallary/Info.plist;
				INFOPLIST_KEY_UIApplicationSupportsIndirectInputEvents = YES;
				INFOPLIST_KEY_UILaunchStoryboardName = LaunchScreen;
				INFOPLIST_KEY_UIMainStoryboardFile = Main;
				INFOPLIST_KEY_UISupportedInterfaceOrientations_iPad = "UIInterfaceOrientationPortrait UIInterfaceOrientationPortraitUpsideDown UIInterfaceOrientationLandscapeLeft UIInterfaceOrientationLandscapeRight";
				INFOPLIST_KEY_UISupportedInterfaceOrientations_iPhone = "UIInterfaceOrientationPortrait UIInterfaceOrientationLandscapeLeft UIInterfaceOrientationLandscapeRight";
				LD_RUNPATH_SEARCH_PATHS = (
					"$(inherited)",
					"@executable_path/Frameworks",
				);
				MARKETING_VERSION = 1.0;
				PRODUCT_BUNDLE_IDENTIFIER = apolis.cameraGallary;
				PRODUCT_NAME = "$(TARGET_NAME)";
				SWIFT_EMIT_LOC_STRINGS = YES;
				SWIFT_VERSION = 5.0;
				TARGETED_DEVICE_FAMILY = "1,2";
			};
			name = Release;
		};
		181A25582C078693006FF463 /* Debug */ = {
			isa = XCBuildConfiguration;
			buildSettings = {
				ALWAYS_EMBED_SWIFT_STANDARD_LIBRARIES = YES;
				BUNDLE_LOADER = "$(TEST_HOST)";
				CODE_SIGN_STYLE = Automatic;
				CURRENT_PROJECT_VERSION = 1;
				DEVELOPMENT_TEAM = 5Y98J6H787;
				GENERATE_INFOPLIST_FILE = YES;
				IPHONEOS_DEPLOYMENT_TARGET = 16.4;
				MARKETING_VERSION = 1.0;
				PRODUCT_BUNDLE_IDENTIFIER = apolis.cameraGallaryTests;
				PRODUCT_NAME = "$(TARGET_NAME)";
				SWIFT_EMIT_LOC_STRINGS = NO;
				SWIFT_VERSION = 5.0;
				TARGETED_DEVICE_FAMILY = "1,2";
				TEST_HOST = "$(BUILT_PRODUCTS_DIR)/cameraGallary.app/$(BUNDLE_EXECUTABLE_FOLDER_PATH)/cameraGallary";
			};
			name = Debug;
		};
		181A25592C078693006FF463 /* Release */ = {
			isa = XCBuildConfiguration;
			buildSettings = {
				ALWAYS_EMBED_SWIFT_STANDARD_LIBRARIES = YES;
				BUNDLE_LOADER = "$(TEST_HOST)";
				CODE_SIGN_STYLE = Automatic;
				CURRENT_PROJECT_VERSION = 1;
				DEVELOPMENT_TEAM = 5Y98J6H787;
				GENERATE_INFOPLIST_FILE = YES;
				IPHONEOS_DEPLOYMENT_TARGET = 16.4;
				MARKETING_VERSION = 1.0;
				PRODUCT_BUNDLE_IDENTIFIER = apolis.cameraGallaryTests;
				PRODUCT_NAME = "$(TARGET_NAME)";
				SWIFT_EMIT_LOC_STRINGS = NO;
				SWIFT_VERSION = 5.0;
				TARGETED_DEVICE_FAMILY = "1,2";
				TEST_HOST = "$(BUILT_PRODUCTS_DIR)/cameraGallary.app/$(BUNDLE_EXECUTABLE_FOLDER_PATH)/cameraGallary";
			};
			name = Release;
		};
		181A255B2C078693006FF463 /* Debug */ = {
			isa = XCBuildConfiguration;
			buildSettings = {
				ALWAYS_EMBED_SWIFT_STANDARD_LIBRARIES = YES;
				CODE_SIGN_STYLE = Automatic;
				CURRENT_PROJECT_VERSION = 1;
				DEVELOPMENT_TEAM = 5Y98J6H787;
				GENERATE_INFOPLIST_FILE = YES;
				MARKETING_VERSION = 1.0;
				PRODUCT_BUNDLE_IDENTIFIER = apolis.cameraGallaryUITests;
				PRODUCT_NAME = "$(TARGET_NAME)";
				SWIFT_EMIT_LOC_STRINGS = NO;
				SWIFT_VERSION = 5.0;
				TARGETED_DEVICE_FAMILY = "1,2";
				TEST_TARGET_NAME = cameraGallary;
			};
			name = Debug;
		};
		181A255C2C078693006FF463 /* Release */ = {
			isa = XCBuildConfiguration;
			buildSettings = {
				ALWAYS_EMBED_SWIFT_STANDARD_LIBRARIES = YES;
				CODE_SIGN_STYLE = Automatic;
				CURRENT_PROJECT_VERSION = 1;
				DEVELOPMENT_TEAM = 5Y98J6H787;
				GENERATE_INFOPLIST_FILE = YES;
				MARKETING_VERSION = 1.0;
				PRODUCT_BUNDLE_IDENTIFIER = apolis.cameraGallaryUITests;
				PRODUCT_NAME = "$(TARGET_NAME)";
				SWIFT_EMIT_LOC_STRINGS = NO;
				SWIFT_VERSION = 5.0;
				TARGETED_DEVICE_FAMILY = "1,2";
				TEST_TARGET_NAME = cameraGallary;
			};
			name = Release;
		};
/* End XCBuildConfiguration section */

/* Begin XCConfigurationList section */
		181A25252C07868E006FF463 /* Build configuration list for PBXProject "cameraGallary" */ = {
			isa = XCConfigurationList;
			buildConfigurations = (
				181A25522C078693006FF463 /* Debug */,
				181A25532C078693006FF463 /* Release */,
			);
			defaultConfigurationIsVisible = 0;
			defaultConfigurationName = Release;
		};
		181A25542C078693006FF463 /* Build configuration list for PBXNativeTarget "cameraGallary" */ = {
			isa = XCConfigurationList;
			buildConfigurations = (
				181A25552C078693006FF463 /* Debug */,
				181A25562C078693006FF463 /* Release */,
			);
			defaultConfigurationIsVisible = 0;
			defaultConfigurationName = Release;
		};
		181A25572C078693006FF463 /* Build configuration list for PBXNativeTarget "cameraGallaryTests" */ = {
			isa = XCConfigurationList;
			buildConfigurations = (
				181A25582C078693006FF463 /* Debug */,
				181A25592C078693006FF463 /* Release */,
			);
			defaultConfigurationIsVisible = 0;
			defaultConfigurationName = Release;
		};
		181A255A2C078693006FF463 /* Build configuration list for PBXNativeTarget "cameraGallaryUITests" */ = {
			isa = XCConfigurationList;
			buildConfigurations = (
				181A255B2C078693006FF463 /* Debug */,
				181A255C2C078693006FF463 /* Release */,
			);
			defaultConfigurationIsVisible = 0;
			defaultConfigurationName = Release;
		};
/* End XCConfigurationList section */
	};
	rootObject = 181A25222C07868E006FF463 /* Project object */;
}
